// !$*UTF8*$!
{
	archiveVersion = 1;
	classes = {
	};
	objectVersion = 46;
	objects = {

/* Begin PBXBuildFile section */
		F9DB618B1DD60E6000263894 /* AppDelegate.swift in Sources */ = {isa = PBXBuildFile; fileRef = F9DB618A1DD60E6000263894 /* AppDelegate.swift */; };
		F9DB618D1DD60E6000263894 /* ViewController.swift in Sources */ = {isa = PBXBuildFile; fileRef = F9DB618C1DD60E6000263894 /* ViewController.swift */; };
		F9DB61901DD60E6000263894 /* Main.storyboard in Resources */ = {isa = PBXBuildFile; fileRef = F9DB618E1DD60E6000263894 /* Main.storyboard */; };
		F9DB61921DD60E6000263894 /* Assets.xcassets in Resources */ = {isa = PBXBuildFile; fileRef = F9DB61911DD60E6000263894 /* Assets.xcassets */; };
		F9DB61951DD60E6000263894 /* LaunchScreen.storyboard in Resources */ = {isa = PBXBuildFile; fileRef = F9DB61931DD60E6000263894 /* LaunchScreen.storyboard */; };
/* End PBXBuildFile section */

/* Begin PBXFileReference section */
		F9DB61871DD60E6000263894 /* selfie-share.app */ = {isa = PBXFileReference; explicitFileType = wrapper.application; includeInIndex = 0; path = "selfie-share.app"; sourceTree = BUILT_PRODUCTS_DIR; };
		F9DB618A1DD60E6000263894 /* AppDelegate.swift */ = {isa = PBXFileReference; lastKnownFileType = sourcecode.swift; path = AppDelegate.swift; sourceTree = "<group>"; };
		F9DB618C1DD60E6000263894 /* ViewController.swift */ = {isa = PBXFileReference; lastKnownFileType = sourcecode.swift; path = ViewController.swift; sourceTree = "<group>"; };
		F9DB618F1DD60E6000263894 /* Base */ = {isa = PBXFileReference; lastKnownFileType = file.storyboard; name = Base; path = Base.lproj/Main.storyboard; sourceTree = "<group>"; };
		F9DB61911DD60E6000263894 /* Assets.xcassets */ = {isa = PBXFileReference; lastKnownFileType = folder.assetcatalog; path = Assets.xcassets; sourceTree = "<group>"; };
		F9DB61941DD60E6000263894 /* Base */ = {isa = PBXFileReference; lastKnownFileType = file.storyboard; name = Base; path = Base.lproj/LaunchScreen.storyboard; sourceTree = "<group>"; };
		F9DB61961DD60E6000263894 /* Info.plist */ = {isa = PBXFileReference; lastKnownFileType = text.plist.xml; path = Info.plist; sourceTree = "<group>"; };
/* End PBXFileReference section */

/* Begin PBXFrameworksBuildPhase section */
		F9DB61841DD60E6000263894 /* Frameworks */ = {
			isa = PBXFrameworksBuildPhase;
			buildActionMask = 2147483647;
			files = (
			);
			runOnlyForDeploymentPostprocessing = 0;
		};
/* End PBXFrameworksBuildPhase section */

/* Begin PBXGroup section */
		F9DB617E1DD60E6000263894 = {
			isa = PBXGroup;
			children = (
				F9DB61891DD60E6000263894 /* selfie-share */,
				F9DB61881DD60E6000263894 /* Products */,
			);
			sourceTree = "<group>";
		};
		F9DB61881DD60E6000263894 /* Products */ = {
			isa = PBXGroup;
			children = (
				F9DB61871DD60E6000263894 /* selfie-share.app */,
			);
			name = Products;
			sourceTree = "<group>";
		};
		F9DB61891DD60E6000263894 /* selfie-share */ = {
			isa = PBXGroup;
			children = (
				F9DB618A1DD60E6000263894 /* AppDelegate.swift */,
				F9DB618C1DD60E6000263894 /* ViewController.swift */,
				F9DB618E1DD60E6000263894 /* Main.storyboard */,
				F9DB61911DD60E6000263894 /* Assets.xcassets */,
				F9DB61931DD60E6000263894 /* LaunchScreen.storyboard */,
				F9DB61961DD60E6000263894 /* Info.plist */,
			);
			path = "selfie-share";
			sourceTree = "<group>";
		};
/* End PBXGroup section */

/* Begin PBXNativeTarget section */
		F9DB61861DD60E6000263894 /* selfie-share */ = {
			isa = PBXNativeTarget;
			buildConfigurationList = F9DB61991DD60E6000263894 /* Build configuration list for PBXNativeTarget "selfie-share" */;
			buildPhases = (
				F9DB61831DD60E6000263894 /* Sources */,
				F9DB61841DD60E6000263894 /* Frameworks */,
				F9DB61851DD60E6000263894 /* Resources */,
			);
			buildRules = (
			);
			dependencies = (
			);
			name = "selfie-share";
			productName = "selfie-share";
			productReference = F9DB61871DD60E6000263894 /* selfie-share.app */;
			productType = "com.apple.product-type.application";
		};
/* End PBXNativeTarget section */

/* Begin PBXProject section */
		F9DB617F1DD60E6000263894 /* Project object */ = {
			isa = PBXProject;
			attributes = {
				LastSwiftUpdateCheck = 0810;
				LastUpgradeCheck = 0810;
				ORGANIZATIONNAME = "Adam Goth";
				TargetAttributes = {
					F9DB61861DD60E6000263894 = {
						CreatedOnToolsVersion = 8.1;
						DevelopmentTeam = M685F39Y73;
						ProvisioningStyle = Automatic;
					};
				};
			};
			buildConfigurationList = F9DB61821DD60E6000263894 /* Build configuration list for PBXProject "selfie-share" */;
			compatibilityVersion = "Xcode 3.2";
			developmentRegion = English;
			hasScannedForEncodings = 0;
			knownRegions = (
				en,
				Base,
			);
			mainGroup = F9DB617E1DD60E6000263894;
			productRefGroup = F9DB61881DD60E6000263894 /* Products */;
			projectDirPath = "";
			projectRoot = "";
			targets = (
				F9DB61861DD60E6000263894 /* selfie-share */,
			);
		};
/* End PBXProject section */

/* Begin PBXResourcesBuildPhase section */
		F9DB61851DD60E6000263894 /* Resources */ = {
			isa = PBXResourcesBuildPhase;
			buildActionMask = 2147483647;
			files = (
				F9DB61951DD60E6000263894 /* LaunchScreen.storyboard in Resources */,
				F9DB61921DD60E6000263894 /* Assets.xcassets in Resources */,
				F9DB61901DD60E6000263894 /* Main.storyboard in Resources */,
			);
			runOnlyForDeploymentPostprocessing = 0;
		};
/* End PBXResourcesBuildPhase section */

/* Begin PBXSourcesBuildPhase section */
		F9DB61831DD60E6000263894 /* Sources */ = {
			isa = PBXSourcesBuildPhase;
			buildActionMask = 2147483647;
			files = (
				F9DB618D1DD60E6000263894 /* ViewController.swift in Sources */,
				F9DB618B1DD60E6000263894 /* AppDelegate.swift in Sources */,
			);
			runOnlyForDeploymentPostprocessing = 0;
		};
/* End PBXSourcesBuildPhase section */

/* Begin PBXVariantGroup section */
		F9DB618E1DD60E6000263894 /* Main.storyboard */ = {
			isa = PBXVariantGroup;
			children = (
				F9DB618F1DD60E6000263894 /* Base */,
			);
			name = Main.storyboard;
			sourceTree = "<group>";
		};
		F9DB61931DD60E6000263894 /* LaunchScreen.storyboard */ = {
			isa = PBXVariantGroup;
			children = (
				F9DB61941DD60E6000263894 /* Base */,
			);
			name = LaunchScreen.storyboard;
			sourceTree = "<group>";
		};
/* End PBXVariantGroup section */

/* Begin XCBuildConfiguration section */
		F9DB61971DD60E6000263894 /* Debug */ = {
			isa = XCBuildConfiguration;
			buildSettings = {
				ALWAYS_SEARCH_USER_PATHS = NO;
				CLANG_ANALYZER_NONNULL = YES;
				CLANG_CXX_LANGUAGE_STANDARD = "gnu++0x";
				CLANG_CXX_LIBRARY = "libc++";
				CLANG_ENABLE_MODULES = YES;
				CLANG_ENABLE_OBJC_ARC = YES;
				CLANG_WARN_BOOL_CONVERSION = YES;
				CLANG_WARN_CONSTANT_CONVERSION = YES;
				CLANG_WARN_DIRECT_OBJC_ISA_USAGE = YES_ERROR;
				CLANG_WARN_DOCUMENTATION_COMMENTS = YES;
				CLANG_WARN_EMPTY_BODY = YES;
				CLANG_WARN_ENUM_CONVERSION = YES;
				CLANG_WARN_INFINITE_RECURSION = YES;
				CLANG_WARN_INT_CONVERSION = YES;
				CLANG_WARN_OBJC_ROOT_CLASS = YES_ERROR;
				CLANG_WARN_SUSPICIOUS_MOVES = YES;
				CLANG_WARN_UNREACHABLE_CODE = YES;
				CLANG_WARN__DUPLICATE_METHOD_MATCH = YES;
				"CODE_SIGN_IDENTITY[sdk=iphoneos*]" = "iPhone Developer";
				COPY_PHASE_STRIP = NO;
				DEBUG_INFORMATION_FORMAT = dwarf;
				ENABLE_STRICT_OBJC_MSGSEND = YES;
				ENABLE_TESTABILITY = YES;
				GCC_C_LANGUAGE_STANDARD = gnu99;
				GCC_DYNAMIC_NO_PIC = NO;
				GCC_NO_COMMON_BLOCKS = YES;
				GCC_OPTIMIZATION_LEVEL = 0;
				GCC_PREPROCESSOR_DEFINITIONS = (
					"DEBUG=1",
					"$(inherited)",
				);
				GCC_WARN_64_TO_32_BIT_CONVERSION = YES;
				GCC_WARN_ABOUT_RETURN_TYPE = YES_ERROR;
				GCC_WARN_UNDECLARED_SELECTOR = YES;
				GCC_WARN_UNINITIALIZED_AUTOS = YES_AGGRESSIVE;
				GCC_WARN_UNUSED_FUNCTION = YES;
				GCC_WARN_UNUSED_VARIABLE = YES;
				IPHONEOS_DEPLOYMENT_TARGET = 10.1;
				MTL_ENABLE_DEBUG_INFO = YES;
				ONLY_ACTIVE_ARCH = YES;
				SDKROOT = iphoneos;
				SWIFT_ACTIVE_COMPILATION_CONDITIONS = DEBUG;
				SWIFT_OPTIMIZATION_LEVEL = "-Onone";
			};
			name = Debug;
		};
		F9DB61981DD60E6000263894 /* Release */ = {
			isa = XCBuildConfiguration;
			buildSettings = {
				ALWAYS_SEARCH_USER_PATHS = NO;
				CLANG_ANALYZER_NONNULL = YES;
				CLANG_CXX_LANGUAGE_STANDARD = "gnu++0x";
				CLANG_CXX_LIBRARY = "libc++";
				CLANG_ENABLE_MODULES = YES;
				CLANG_ENABLE_OBJC_ARC = YES;
				CLANG_WARN_BOOL_CONVERSION = YES;
				CLANG_WARN_CONSTANT_CONVERSION = YES;
				CLANG_WARN_DIRECT_OBJC_ISA_USAGE = YES_ERROR;
				CLANG_WARN_DOCUMENTATION_COMMENTS = YES;
				CLANG_WARN_EMPTY_BODY = YES;
				CLANG_WARN_ENUM_CONVERSION = YES;
				CLANG_WARN_INFINITE_RECURSION = YES;
				CLANG_WARN_INT_CONVERSION = YES;
				CLANG_WARN_OBJC_ROOT_CLASS = YES_ERROR;
				CLANG_WARN_SUSPICIOUS_MOVES = YES;
				CLANG_WARN_UNREACHABLE_CODE = YES;
				CLANG_WARN__DUPLICATE_METHOD_MATCH = YES;
				"CODE_SIGN_IDENTITY[sdk=iphoneos*]" = "iPhone Developer";
				COPY_PHASE_STRIP = NO;
				DEBUG_INFORMATION_FORMAT = "dwarf-with-dsym";
				ENABLE_NS_ASSERTIONS = NO;
				ENABLE_STRICT_OBJC_MSGSEND = YES;
				GCC_C_LANGUAGE_STANDARD = gnu99;
				GCC_NO_COMMON_BLOCKS = YES;
				GCC_WARN_64_TO_32_BIT_CONVERSION = YES;
				GCC_WARN_ABOUT_RETURN_TYPE = YES_ERROR;
				GCC_WARN_UNDECLARED_SELECTOR = YES;
				GCC_WARN_UNINITIALIZED_AUTOS = YES_AGGRESSIVE;
				GCC_WARN_UNUSED_FUNCTION = YES;
				GCC_WARN_UNUSED_VARIABLE = YES;
				IPHONEOS_DEPLOYMENT_TARGET = 10.1;
				MTL_ENABLE_DEBUG_INFO = NO;
				SDKROOT = iphoneos;
				SWIFT_OPTIMIZATION_LEVEL = "-Owholemodule";
				VALIDATE_PRODUCT = YES;
			};
			name = Release;
		};
		F9DB619A1DD60E6000263894 /* Debug */ = {
			isa = XCBuildConfiguration;
			buildSettings = {
				ASSETCATALOG_COMPILER_APPICON_NAME = AppIcon;
				DEVELOPMENT_TEAM = M685F39Y73;
				INFOPLIST_FILE = "selfie-share/Info.plist";
				IPHONEOS_DEPLOYMENT_TARGET = 10.0;
				LD_RUNPATH_SEARCH_PATHS = "$(inherited) @executable_path/Frameworks";
				PRODUCT_BUNDLE_IDENTIFIER = "com.adamgoth.selfie-share";
				PRODUCT_NAME = "$(TARGET_NAME)";
				SWIFT_VERSION = 3.0;
			};
			name = Debug;
		};
		F9DB619B1DD60E6000263894 /* Release */ = {
			isa = XCBuildConfiguration;
			buildSettings = {
				ASSETCATALOG_COMPILER_APPICON_NAME = AppIcon;
				DEVELOPMENT_TEAM = M685F39Y73;
				INFOPLIST_FILE = "selfie-share/Info.plist";
				IPHONEOS_DEPLOYMENT_TARGET = 10.0;
				LD_RUNPATH_SEARCH_PATHS = "$(inherited) @executable_path/Frameworks";
				PRODUCT_BUNDLE_IDENTIFIER = "com.adamgoth.selfie-share";
				PRODUCT_NAME = "$(TARGET_NAME)";
				SWIFT_VERSION = 3.0;
			};
			name = Release;
		};
/* End XCBuildConfiguration section */

/* Begin XCConfigurationList section */
		F9DB61821DD60E6000263894 /* Build configuration list for PBXProject "selfie-share" */ = {
			isa = XCConfigurationList;
			buildConfigurations = (
				F9DB61971DD60E6000263894 /* Debug */,
				F9DB61981DD60E6000263894 /* Release */,
			);
			defaultConfigurationIsVisible = 0;
			defaultConfigurationName = Release;
		};
		F9DB61991DD60E6000263894 /* Build configuration list for PBXNativeTarget "selfie-share" */ = {
			isa = XCConfigurationList;
			buildConfigurations = (
				F9DB619A1DD60E6000263894 /* Debug */,
				F9DB619B1DD60E6000263894 /* Release */,
			);
			defaultConfigurationIsVisible = 0;
			defaultConfigurationName = Release;
		};
/* End XCConfigurationList section */
	};
	rootObject = F9DB617F1DD60E6000263894 /* Project object */;
}
